{
  "name": "dsh-git-style-zeta",
  "version": "0.3.0",
  "lockfileVersion": 3,
  "requires": true,
  "packages": {
    "": {
      "name": "dsh-git-style-zeta",
      "version": "0.3.0",
      "license": "MIT",
      "dependencies": {
        "@deepseek-ai/schemastery": "^3.18.4"
      },
      "devDependencies": {
        "@deepseek-ai/cordis": "4.0.4",
        "@deepseek-ai/cordis-plugin-loader": "1.0.5",
        "@deepseek-ai/dsh-scope": "^0.1.7-rc.2",
        "@deepseek-ai/dsh-system-prompt": "^0.1.7-rc.2",
        "yaml": "2.9.1"
      },
      "engines": {
        "node": ">=22.19.0"
      }
    },
    "node_modules/@deepseek-ai/cordis": {
      "version": "4.0.4",
      "resolved": "https://registry.npmjs.org/@deepseek-ai/cordis/-/cordis-4.0.4.tgz",
      "integrity": "sha512-obgyxqWAmFn3Re8kvsuUnyW+ihrz6eJCnJO4fh1cQzDtmPYz/zzVeUkH9R94I0OwSVOocK67Kgakm04j/oQXzg==",
      "dev": true,
      "license": "MIT",
      "dependencies": {
        "@deepseek-ai/cosmokit": "~1.8.5",
        "@standard-schema/spec": "^1.1.0"
      },
      "bin": {
        "cordis": "bin.js"
      },
      "peerDependencies": {
        "@deepseek-ai/cordis-plugin-include": "~1.0.9",
        "@deepseek-ai/cordis-plugin-loader": "~1.0.5"
      },
      "peerDependenciesMeta": {
        "@deepseek-ai/cordis-plugin-include": {
          "optional": true
        },
        "@deepseek-ai/cordis-plugin-loader": {
          "optional": true
        }
      }
    },
    "node_modules/@deepseek-ai/cordis-plugin-loader": {
      "version": "1.0.5",
      "resolved": "https://registry.npmjs.org/@deepseek-ai/cordis-plugin-loader/-/cordis-plugin-loader-1.0.5.tgz",
      "integrity": "sha512-200huL2ttWcjyeYllvPYn+qMR7I89qy8MhZasbHltPzB/KMrSfsyoCYKdCGc5KqPGj5iJugcmibQzjINMO9I+Q==",
      "dev": true,
      "license": "MIT",
      "dependencies": {
        "@deepseek-ai/cosmokit": "~1.8.5",
        "@deepseek-ai/schemastery": "~3.18.4"
      },
      "peerDependencies": {
        "@deepseek-ai/cordis": "~4.0.4",
        "node-addon-require-builtin": "^0.1.6"
      },
      "peerDependenciesMeta": {
        "node-addon-require-builtin": {
          "optional": true
        }
      }
    },
    "node_modules/@deepseek-ai/cosmokit": {
      "version": "1.8.5",
      "resolved": "https://registry.npmjs.org/@deepseek-ai/cosmokit/-/cosmokit-1.8.5.tgz",
      "integrity": "sha512-LXsrlem9z8dq4sLflj2yuCuYX7KqhdzF5hZly3eZyuTo8d6oDSOXuEgC5DbQWKW+lksm6zmOutQLsP/ma6wR6A==",
      "license": "MIT"
    },
    "node_modules/@deepseek-ai/dsh-brand": {
      "version": "0.1.7-rc.2",
      "resolved": "https://registry.npmjs.org/@deepseek-ai/dsh-brand/-/dsh-brand-0.1.7-rc.2.tgz",
      "integrity": "sha512-cvcvlNRuiFqZNNqyxdu7wcpiBjd9xa/0MpuhRvee43zBp9uED2p5JolZr5/2EKJf57gYx9k9bedb+Zbyiqnpkw==",
      "dev": true,
      "license": "MIT",
      "peer": true,
      "peerDependencies": {
        "@deepseek-ai/cordis": "~4.0.4"
      }
    },
    "node_modules/@deepseek-ai/dsh-invariants": {
      "version": "0.1.7-rc.2",
      "resolved": "https://registry.npmjs.org/@deepseek-ai/dsh-invariants/-/dsh-invariants-0.1.7-rc.2.tgz",
      "integrity": "sha512-GY2lY2TUUH2Qk1ZnrB3Q5+lXSh4webn1kbt5nQfhojVmNbist/f3dJC8JJa7XXOUNvqAgqRN9IZ4egbDZ9LLxQ==",
      "dev": true,
      "license": "MIT",
      "peer": true,
      "dependencies": {
        "@deepseek-ai/schemastery": "~3.18.4"
      },
      "peerDependencies": {
        "@deepseek-ai/cordis": "~4.0.4"
      }
    },
    "node_modules/@deepseek-ai/dsh-llm": {
      "version": "0.1.7-rc.2",
      "resolved": "https://registry.npmjs.org/@deepseek-ai/dsh-llm/-/dsh-llm-0.1.7-rc.2.tgz",
      "integrity": "sha512-hNT3ovFnbNDQ8g544bh2Q9ORX40aI6Y+jhjer1lETeHS4g0jTjqUUVfARCTA7uAFvHucSBg2rFgbisIktmJCxw==",
      "dev": true,
      "license": "MIT",
      "peer": true,
      "dependencies": {
        "@deepseek-ai/dsh-brand": "0.1.7-rc.2",
        "@deepseek-ai/dsh-timeout": "0.1.7-rc.2",
        "@deepseek-ai/dsh-typert-protocol": "0.1.7-rc.2",
        "@deepseek-ai/dsh-util-crypto": "0.1.7-rc.2",
        "@deepseek-ai/dsh-util-values": "0.1.7-rc.2",
        "@deepseek-ai/schemastery": "~3.18.4",
        "zod": "^4.4.3"
      },
      "peerDependencies": {
        "@deepseek-ai/cordis": "~4.0.4"
      }
    },
    "node_modules/@deepseek-ai/dsh-scope": {
      "version": "0.1.7-rc.2",
      "resolved": "https://registry.npmjs.org/@deepseek-ai/dsh-scope/-/dsh-scope-0.1.7-rc.2.tgz",
      "integrity": "sha512-rk/OM5ej6/V8pCNczEqQ3BkKx3DuPeFGzNUsEZo8hF+tnkF/EhsxMWSXC/yP/uLKeNkSsVHzjFpaQR0qr0J3gQ==",
      "dev": true,
      "license": "MIT",
      "peerDependencies": {
        "@deepseek-ai/cordis": "~4.0.4",
        "@deepseek-ai/dsh-invariants": "0.1.7-rc.2"
      }
    },
    "node_modules/@deepseek-ai/dsh-system-prompt": {
      "version": "0.1.7-rc.2",
      "resolved": "https://registry.npmjs.org/@deepseek-ai/dsh-system-prompt/-/dsh-system-prompt-0.1.7-rc.2.tgz",
      "integrity": "sha512-vxKcADh7XOuWJOfa0WeEOhvFiUbMOdoK4w6M7KVCI0S99c9ktxrgY4wKdmAxap+nQjwTEPme3QuOlY3Na+cz9w==",
      "dev": true,
      "license": "MIT",
      "dependencies": {
        "@deepseek-ai/schemastery": "~3.18.4"
      },
      "peerDependencies": {
        "@deepseek-ai/cordis": "~4.0.4",
        "@deepseek-ai/dsh-invariants": "0.1.7-rc.2",
        "@deepseek-ai/dsh-llm": "0.1.7-rc.2",
        "@deepseek-ai/dsh-scope": "0.1.7-rc.2"
      }
    },
    "node_modules/@deepseek-ai/dsh-timeout": {
      "version": "0.1.7-rc.2",
      "resolved": "https://registry.npmjs.org/@deepseek-ai/dsh-timeout/-/dsh-timeout-0.1.7-rc.2.tgz",
      "integrity": "sha512-YunLoLZSF8Ld9eYwyvKoBnxgy3GZrIQpw98HfFS15ZfZlqcFiZcchFhYmStLtUbtX+gjhoeXc8Xz913YbVifNA==",
      "dev": true,
      "license": "MIT",
      "peer": true,
      "peerDependencies": {
        "@deepseek-ai/cordis": "~4.0.4"
      }
    },
    "node_modules/@deepseek-ai/dsh-typert-protocol": {
      "version": "0.1.7-rc.2",
      "resolved": "https://registry.npmjs.org/@deepseek-ai/dsh-typert-protocol/-/dsh-typert-protocol-0.1.7-rc.2.tgz",
      "integrity": "sha512-oJm03zqMQlvt16Ejw7VWy3/gqlJGrBCZj3Z4KL8ydLJeeTToKIR49WVCxMbJTlH0F9QFljruLtHguA5B99AeUQ==",
      "dev": true,
      "license": "MIT",
      "peer": true,
      "dependencies": {
        "@deepseek-ai/dsh-brand": "0.1.7-rc.2"
      },
      "peerDependencies": {
        "@deepseek-ai/cordis": "~4.0.4"
      }
    },
    "node_modules/@deepseek-ai/dsh-util-crypto": {
      "version": "0.1.7-rc.2",
      "resolved": "https://registry.npmjs.org/@deepseek-ai/dsh-util-crypto/-/dsh-util-crypto-0.1.7-rc.2.tgz",
      "integrity": "sha512-BGc55/bSj/1LcDTQ5fpok4U24X9SFyN+TB23/hBlbe2TBUKVuwO8+X5FFKKje2MLO8PWYEDkXv/LrV6jRVKZEg==",
      "dev": true,
      "license": "MIT",
      "peer": true,
      "peerDependencies": {
        "@deepseek-ai/cordis": "~4.0.4"
      }
    },
    "node_modules/@deepseek-ai/dsh-util-values": {
      "version": "0.1.7-rc.2",
      "resolved": "https://registry.npmjs.org/@deepseek-ai/dsh-util-values/-/dsh-util-values-0.1.7-rc.2.tgz",
      "integrity": "sha512-UX8nh5SbtZcPVVEvjd+9PCPcbybA6OpVzJGgFxYn59ao/7QQGyYbByS8KXr+THU5JtqmDDVb9xGUSJaF2IYmeQ==",
      "dev": true,
      "license": "MIT",
      "peer": true,
      "peerDependencies": {
        "@deepseek-ai/cordis": "~4.0.4"
      }
    },
    "node_modules/@deepseek-ai/schemastery": {
      "version": "3.18.4",
      "resolved": "https://registry.npmjs.org/@deepseek-ai/schemastery/-/schemastery-3.18.4.tgz",
      "integrity": "sha512-SSXO6tYuyrIqKVbmOnIq0s+riUywYzouFMcnBluHF9n4KMo2G8HvEzhCYj6pj2617/glOjbJuVInJ9hfONsjkg==",
      "license": "MIT",
      "dependencies": {
        "@deepseek-ai/cosmokit": "~1.8.5",
        "@standard-schema/spec": "^1.1.0"
      }
    },
    "node_modules/@standard-schema/spec": {
      "version": "1.1.0",
      "resolved": "https://registry.npmjs.org/@standard-schema/spec/-/spec-1.1.0.tgz",
      "integrity": "sha512-l2aFy5jALhniG5HgqrD6jXLi/rUWrKvqN/qJx6yoJsgKhblVd+iqqU4RCXavm/jPityDo5TCvKMnpjKnOriy0w==",
      "license": "MIT"
    },
    "node_modules/yaml": {
      "version": "2.9.1",
      "resolved": "https://registry.npmjs.org/yaml/-/yaml-2.9.1.tgz",
      "integrity": "sha512-3NxN8+78OdzbT7C/WjGsyfPAtJaN3FNDsWxv7Y7mcDsT/oOmgW8BpyQQFFBnvZE3j9Y2Sdz1ULFLezL7Eb2yFw==",
      "dev": true,
      "license": "ISC",
      "bin": {
        "yaml": "bin.mjs"
      },
      "engines": {
        "node": ">= 14.6"
      },
      "funding": {
        "url": "https://github.com/sponsors/eemeli"
      }
    },
    "node_modules/zod": {
      "version": "4.6.5",
      "resolved": "https://registry.npmjs.org/zod/-/zod-4.6.5.tgz",
      "integrity": "sha512-v5l/aFXZQeai4awLbOpSoHecE9UiMrnfx75tEXLjNonXVARxQ5mOeipTjROUchszUNCqnE+hqAMujRsRHsut2Q==",
      "dev": true,
      "license": "MIT",
      "peer": true,
      "funding": {
        "url": "https://github.com/sponsors/colinhacks"
      }
    }
  }
}
